
Microsoft Visual Studio Solution File, Format Version 12.00
# Visual Studio Version 17
VisualStudioVersion = 17.2.32630.192
MinimumVisualStudioVersion = 10.0.40219.1
Project("{9A19103F-16F7-4668-BE54-9A1E7A4F7556}") = "BusinessObjects", "BusinessObjects\BusinessObjects.csproj", "{5CB90B7C-C171-4512-B256-CAD7ACA3AABB}"
EndProject
Project("{9A19103F-16F7-4668-BE54-9A1E7A4F7556}") = "DataAccess", "DataAccess\DataAccess.csproj", "{2632B47F-C220-4C4C-A632-11346B6F94E1}"
EndProject
Project("{FAE04EC0-301F-11D3-BF4B-00C04F79EFBC}") = "eStoreApi", "eStoreApi\eStoreApi.csproj", "{D6536219-082B-4597-9794-57839A316AAD}"
EndProject
Project("{FAE04EC0-301F-11D3-BF4B-00C04F79EFBC}") = "eStoreClient", "eStoreClient\eStoreClient.csproj", "{43E3A66B-5B5E-4A08-B4FF-E69824FFE037}"
EndProject
Global
	GlobalSection(SolutionConfigurationPlatforms) = preSolution
		Debug|Any CPU = Debug|Any CPU
		Release|Any CPU = Release|Any CPU
	EndGlobalSection
	GlobalSection(ProjectConfigurationPlatforms) = postSolution
		{5CB90B7C-C171-4512-B256-CAD7ACA3AABB}.Debug|Any CPU.ActiveCfg = Debug|Any CPU
		{5CB90B7C-C171-4512-B256-CAD7ACA3AABB}.Debug|Any CPU.Build.0 = Debug|Any CPU
		{5CB90B7C-C171-4512-B256-CAD7ACA3AABB}.Release|Any CPU.ActiveCfg = Release|Any CPU
		{5CB90B7C-C171-4512-B256-CAD7ACA3AABB}.Release|Any CPU.Build.0 = Release|Any CPU
		{2632B47F-C220-4C4C-A632-11346B6F94E1}.Debug|Any CPU.ActiveCfg = Debug|Any CPU
		{2632B47F-C220-4C4C-A632-11346B6F94E1}.Debug|Any CPU.Build.0 = Debug|Any CPU
		{2632B47F-C220-4C4C-A632-11346B6F94E1}.Release|Any CPU.ActiveCfg = Release|Any CPU
		{2632B47F-C220-4C4C-A632-11346B6F94E1}.Release|Any CPU.Build.0 = Release|Any CPU
		{D6536219-082B-4597-9794-57839A316AAD}.Debug|Any CPU.ActiveCfg = Debug|Any CPU
		{D6536219-082B-4597-9794-57839A316AAD}.Debug|Any CPU.Build.0 = Debug|Any CPU
		{D6536219-082B-4597-9794-57839A316AAD}.Release|Any CPU.ActiveCfg = Release|Any CPU
		{D6536219-082B-4597-9794-57839A316AAD}.Release|Any CPU.Build.0 = Release|Any CPU
		{43E3A66B-5B5E-4A08-B4FF-E69824FFE037}.Debug|Any CPU.ActiveCfg = Debug|Any CPU
		{43E3A66B-5B5E-4A08-B4FF-E69824FFE037}.Debug|Any CPU.Build.0 = Debug|Any CPU
		{43E3A66B-5B5E-4A08-B4FF-E69824FFE037}.Release|Any CPU.ActiveCfg = Release|Any CPU
		{43E3A66B-5B5E-4A08-B4FF-E69824FFE037}.Release|Any CPU.Build.0 = Release|Any CPU
	EndGlobalSection
	GlobalSection(SolutionProperties) = preSolution
		HideSolutionNode = FALSE
	EndGlobalSection
	GlobalSection(ExtensibilityGlobals) = postSolution
		SolutionGuid = {D192CCAD-C74A-43E9-91E9-75307D53AD2B}
	EndGlobalSection
EndGlobal
